PODS:
  - ProgressHUD (2.4)
  - SwiftyJSON (3.1.4)

DEPENDENCIES:
  - ProgressHUD
  - SwiftyJSON

SPEC CHECKSUMS:
  ProgressHUD: 4b66b0df0e08519c5c7283a198fd2867a114c95a
  SwiftyJSON: c2842d878f95482ffceec5709abc3d05680c0220

PODFILE CHECKSUM: 97a35e123f617a1f4abfa2febf1acd818128a84c

COCOAPODS: 1.1.1
