// !$*UTF8*$!
{
	archiveVersion = 1;
	classes = {
	};
	objectVersion = 46;
	objects = {

/* Begin PBXBuildFile section */
		451ED2DE1EED0C9800F20D58 /* AppDelegate.swift in Sources */ = {isa = PBXBuildFile; fileRef = 451ED2DD1EED0C9800F20D58 /* AppDelegate.swift */; };
		451ED2E01EED0C9800F20D58 /* PSIViewController.swift in Sources */ = {isa = PBXBuildFile; fileRef = 451ED2DF1EED0C9800F20D58 /* PSIViewController.swift */; };
		451ED2E31EED0C9800F20D58 /* Main.storyboard in Resources */ = {isa = PBXBuildFile; fileRef = 451ED2E11EED0C9800F20D58 /* Main.storyboard */; };
		451ED2E51EED0C9800F20D58 /* Assets.xcassets in Resources */ = {isa = PBXBuildFile; fileRef = 451ED2E41EED0C9800F20D58 /* Assets.xcassets */; };
		451ED2E81EED0C9800F20D58 /* LaunchScreen.storyboard in Resources */ = {isa = PBXBuildFile; fileRef = 451ED2E61EED0C9800F20D58 /* LaunchScreen.storyboard */; };
		451ED30D1EED0FE200F20D58 /* psi.json in Resources */ = {isa = PBXBuildFile; fileRef = 451ED30C1EED0FE200F20D58 /* psi.json */; };
		451ED3171EED10A400F20D58 /* PSI.swift in Sources */ = {isa = PBXBuildFile; fileRef = 451ED3161EED10A400F20D58 /* PSI.swift */; };
		451ED3191EED178F00F20D58 /* PSIData.swift in Sources */ = {isa = PBXBuildFile; fileRef = 451ED3181EED178F00F20D58 /* PSIData.swift */; };
		451ED31B1EED179F00F20D58 /* PSIRegion.swift in Sources */ = {isa = PBXBuildFile; fileRef = 451ED31A1EED179F00F20D58 /* PSIRegion.swift */; };
		451ED3211EED1C1D00F20D58 /* PSIBindingTest.swift in Sources */ = {isa = PBXBuildFile; fileRef = 451ED3201EED1C1D00F20D58 /* PSIBindingTest.swift */; };
		F699AB705B24CC980502DBB4 /* Pods_HazeRadar.framework in Frameworks */ = {isa = PBXBuildFile; fileRef = E828BBB89935B5818FE4AE08 /* Pods_HazeRadar.framework */; };
/* End PBXBuildFile section */

/* Begin PBXContainerItemProxy section */
		451ED2EF1EED0C9800F20D58 /* PBXContainerItemProxy */ = {
			isa = PBXContainerItemProxy;
			containerPortal = 451ED2D21EED0C9700F20D58 /* Project object */;
			proxyType = 1;
			remoteGlobalIDString = 451ED2D91EED0C9800F20D58;
			remoteInfo = HazeRadar;
		};
/* End PBXContainerItemProxy section */

/* Begin PBXFileReference section */
		451ED2DA1EED0C9800F20D58 /* HazeRadar.app */ = {isa = PBXFileReference; explicitFileType = wrapper.application; includeInIndex = 0; path = HazeRadar.app; sourceTree = BUILT_PRODUCTS_DIR; };
		451ED2DD1EED0C9800F20D58 /* AppDelegate.swift */ = {isa = PBXFileReference; lastKnownFileType = sourcecode.swift; path = AppDelegate.swift; sourceTree = "<group>"; };
		451ED2DF1EED0C9800F20D58 /* PSIViewController.swift */ = {isa = PBXFileReference; lastKnownFileType = sourcecode.swift; path = PSIViewController.swift; sourceTree = "<group>"; };
		451ED2E21EED0C9800F20D58 /* Base */ = {isa = PBXFileReference; lastKnownFileType = file.storyboard; name = Base; path = Base.lproj/Main.storyboard; sourceTree = "<group>"; };
		451ED2E41EED0C9800F20D58 /* Assets.xcassets */ = {isa = PBXFileReference; lastKnownFileType = folder.assetcatalog; path = Assets.xcassets; sourceTree = "<group>"; };
		451ED2E71EED0C9800F20D58 /* Base */ = {isa = PBXFileReference; lastKnownFileType = file.storyboard; name = Base; path = Base.lproj/LaunchScreen.storyboard; sourceTree = "<group>"; };
		451ED2E91EED0C9800F20D58 /* Info.plist */ = {isa = PBXFileReference; lastKnownFileType = text.plist.xml; path = Info.plist; sourceTree = "<group>"; };
		451ED2EE1EED0C9800F20D58 /* HazeRadarTests.xctest */ = {isa = PBXFileReference; explicitFileType = wrapper.cfbundle; includeInIndex = 0; path = HazeRadarTests.xctest; sourceTree = BUILT_PRODUCTS_DIR; };
		451ED2F41EED0C9800F20D58 /* Info.plist */ = {isa = PBXFileReference; lastKnownFileType = text.plist.xml; path = Info.plist; sourceTree = "<group>"; };
		451ED30C1EED0FE200F20D58 /* psi.json */ = {isa = PBXFileReference; fileEncoding = 4; lastKnownFileType = text.json; path = psi.json; sourceTree = "<group>"; };
		451ED3161EED10A400F20D58 /* PSI.swift */ = {isa = PBXFileReference; fileEncoding = 4; lastKnownFileType = sourcecode.swift; path = PSI.swift; sourceTree = "<group>"; };
		451ED3181EED178F00F20D58 /* PSIData.swift */ = {isa = PBXFileReference; fileEncoding = 4; lastKnownFileType = sourcecode.swift; path = PSIData.swift; sourceTree = "<group>"; };
		451ED31A1EED179F00F20D58 /* PSIRegion.swift */ = {isa = PBXFileReference; fileEncoding = 4; lastKnownFileType = sourcecode.swift; path = PSIRegion.swift; sourceTree = "<group>"; };
		451ED3201EED1C1D00F20D58 /* PSIBindingTest.swift */ = {isa = PBXFileReference; fileEncoding = 4; lastKnownFileType = sourcecode.swift; path = PSIBindingTest.swift; sourceTree = "<group>"; };
		451ED3221EED217800F20D58 /* SwiftyJSON.framework */ = {isa = PBXFileReference; lastKnownFileType = wrapper.framework; name = SwiftyJSON.framework; path = "../../../Library/Developer/Xcode/DerivedData/HazeRadar-adurcognnehnwhfabmuloiqneuar/Build/Products/Debug-iphonesimulator/SwiftyJSON/SwiftyJSON.framework"; sourceTree = "<group>"; };
		750B076C7AD70045E4631DF1 /* Pods-HazeRadar.debug.xcconfig */ = {isa = PBXFileReference; includeInIndex = 1; lastKnownFileType = text.xcconfig; name = "Pods-HazeRadar.debug.xcconfig"; path = "Pods/Target Support Files/Pods-HazeRadar/Pods-HazeRadar.debug.xcconfig"; sourceTree = "<group>"; };
		C79B90153F6B5B5A53FEF67B /* Pods-HazeRadar.release.xcconfig */ = {isa = PBXFileReference; includeInIndex = 1; lastKnownFileType = text.xcconfig; name = "Pods-HazeRadar.release.xcconfig"; path = "Pods/Target Support Files/Pods-HazeRadar/Pods-HazeRadar.release.xcconfig"; sourceTree = "<group>"; };
		E828BBB89935B5818FE4AE08 /* Pods_HazeRadar.framework */ = {isa = PBXFileReference; explicitFileType = wrapper.framework; includeInIndex = 0; path = Pods_HazeRadar.framework; sourceTree = BUILT_PRODUCTS_DIR; };
/* End PBXFileReference section */

/* Begin PBXFrameworksBuildPhase section */
		451ED2D71EED0C9800F20D58 /* Frameworks */ = {
			isa = PBXFrameworksBuildPhase;
			buildActionMask = 2147483647;
			files = (
				F699AB705B24CC980502DBB4 /* Pods_HazeRadar.framework in Frameworks */,
			);
			runOnlyForDeploymentPostprocessing = 0;
		};
		451ED2EB1EED0C9800F20D58 /* Frameworks */ = {
			isa = PBXFrameworksBuildPhase;
			buildActionMask = 2147483647;
			files = (
			);
			runOnlyForDeploymentPostprocessing = 0;
		};
/* End PBXFrameworksBuildPhase section */

/* Begin PBXGroup section */
		451ED2D11EED0C9700F20D58 = {
			isa = PBXGroup;
			children = (
				451ED2DC1EED0C9800F20D58 /* HazeRadar */,
				451ED2F11EED0C9800F20D58 /* HazeRadarTests */,
				451ED2DB1EED0C9800F20D58 /* Products */,
				B67B071578F1A3B69B5734B8 /* Pods */,
				545436A8AFD9241C8F144393 /* Frameworks */,
			);
			sourceTree = "<group>";
		};
		451ED2DB1EED0C9800F20D58 /* Products */ = {
			isa = PBXGroup;
			children = (
				451ED2DA1EED0C9800F20D58 /* HazeRadar.app */,
				451ED2EE1EED0C9800F20D58 /* HazeRadarTests.xctest */,
			);
			name = Products;
			sourceTree = "<group>";
		};
		451ED2DC1EED0C9800F20D58 /* HazeRadar */ = {
			isa = PBXGroup;
			children = (
				451ED30C1EED0FE200F20D58 /* psi.json */,
				451ED2DD1EED0C9800F20D58 /* AppDelegate.swift */,
				451ED2DF1EED0C9800F20D58 /* PSIViewController.swift */,
				451ED2E11EED0C9800F20D58 /* Main.storyboard */,
				451ED2E41EED0C9800F20D58 /* Assets.xcassets */,
				451ED2E61EED0C9800F20D58 /* LaunchScreen.storyboard */,
				451ED2E91EED0C9800F20D58 /* Info.plist */,
				451ED3161EED10A400F20D58 /* PSI.swift */,
				451ED3181EED178F00F20D58 /* PSIData.swift */,
				451ED31A1EED179F00F20D58 /* PSIRegion.swift */,
			);
			path = HazeRadar;
			sourceTree = "<group>";
		};
		451ED2F11EED0C9800F20D58 /* HazeRadarTests */ = {
			isa = PBXGroup;
			children = (
				451ED2F41EED0C9800F20D58 /* Info.plist */,
				451ED3201EED1C1D00F20D58 /* PSIBindingTest.swift */,
			);
			path = HazeRadarTests;
			sourceTree = "<group>";
		};
		545436A8AFD9241C8F144393 /* Frameworks */ = {
			isa = PBXGroup;
			children = (
				451ED3221EED217800F20D58 /* SwiftyJSON.framework */,
				E828BBB89935B5818FE4AE08 /* Pods_HazeRadar.framework */,
			);
			name = Frameworks;
			sourceTree = "<group>";
		};
		B67B071578F1A3B69B5734B8 /* Pods */ = {
			isa = PBXGroup;
			children = (
				750B076C7AD70045E4631DF1 /* Pods-HazeRadar.debug.xcconfig */,
				C79B90153F6B5B5A53FEF67B /* Pods-HazeRadar.release.xcconfig */,
			);
			name = Pods;
			sourceTree = "<group>";
		};
/* End PBXGroup section */

/* Begin PBXNativeTarget section */
		451ED2D91EED0C9800F20D58 /* HazeRadar */ = {
			isa = PBXNativeTarget;
			buildConfigurationList = 451ED3021EED0C9800F20D58 /* Build configuration list for PBXNativeTarget "HazeRadar" */;
			buildPhases = (
				A22DE91348217CD570DFF3C3 /* [CP] Check Pods Manifest.lock */,
				451ED2D61EED0C9800F20D58 /* Sources */,
				451ED2D71EED0C9800F20D58 /* Frameworks */,
				451ED2D81EED0C9800F20D58 /* Resources */,
				FFD8D066B4D85AC5A5F5393E /* [CP] Embed Pods Frameworks */,
				66B10BBDC687FCAAF9F3B04C /* [CP] Copy Pods Resources */,
			);
			buildRules = (
			);
			dependencies = (
			);
			name = HazeRadar;
			productName = HazeRadar;
			productReference = 451ED2DA1EED0C9800F20D58 /* HazeRadar.app */;
			productType = "com.apple.product-type.application";
		};
		451ED2ED1EED0C9800F20D58 /* HazeRadarTests */ = {
			isa = PBXNativeTarget;
			buildConfigurationList = 451ED3051EED0C9800F20D58 /* Build configuration list for PBXNativeTarget "HazeRadarTests" */;
			buildPhases = (
				451ED2EA1EED0C9800F20D58 /* Sources */,
				451ED2EB1EED0C9800F20D58 /* Frameworks */,
				451ED2EC1EED0C9800F20D58 /* Resources */,
			);
			buildRules = (
			);
			dependencies = (
				451ED2F01EED0C9800F20D58 /* PBXTargetDependency */,
			);
			name = HazeRadarTests;
			productName = HazeRadarTests;
			productReference = 451ED2EE1EED0C9800F20D58 /* HazeRadarTests.xctest */;
			productType = "com.apple.product-type.bundle.unit-test";
		};
/* End PBXNativeTarget section */

/* Begin PBXProject section */
		451ED2D21EED0C9700F20D58 /* Project object */ = {
			isa = PBXProject;
			attributes = {
				LastSwiftUpdateCheck = 0820;
				LastUpgradeCheck = 0820;
				ORGANIZATIONNAME = Bytters;
				TargetAttributes = {
					451ED2D91EED0C9800F20D58 = {
						CreatedOnToolsVersion = 8.2.1;
						DevelopmentTeam = B4S39U7L6D;
						ProvisioningStyle = Automatic;
					};
					451ED2ED1EED0C9800F20D58 = {
						CreatedOnToolsVersion = 8.2.1;
						DevelopmentTeam = B4S39U7L6D;
						ProvisioningStyle = Automatic;
						TestTargetID = 451ED2D91EED0C9800F20D58;
					};
				};
			};
			buildConfigurationList = 451ED2D51EED0C9700F20D58 /* Build configuration list for PBXProject "HazeRadar" */;
			compatibilityVersion = "Xcode 3.2";
			developmentRegion = English;
			hasScannedForEncodings = 0;
			knownRegions = (
				en,
				Base,
			);
			mainGroup = 451ED2D11EED0C9700F20D58;
			productRefGroup = 451ED2DB1EED0C9800F20D58 /* Products */;
			projectDirPath = "";
			projectRoot = "";
			targets = (
				451ED2D91EED0C9800F20D58 /* HazeRadar */,
				451ED2ED1EED0C9800F20D58 /* HazeRadarTests */,
			);
		};
/* End PBXProject section */

/* Begin PBXResourcesBuildPhase section */
		451ED2D81EED0C9800F20D58 /* Resources */ = {
			isa = PBXResourcesBuildPhase;
			buildActionMask = 2147483647;
			files = (
				451ED30D1EED0FE200F20D58 /* psi.json in Resources */,
				451ED2E81EED0C9800F20D58 /* LaunchScreen.storyboard in Resources */,
				451ED2E51EED0C9800F20D58 /* Assets.xcassets in Resources */,
				451ED2E31EED0C9800F20D58 /* Main.storyboard in Resources */,
			);
			runOnlyForDeploymentPostprocessing = 0;
		};
		451ED2EC1EED0C9800F20D58 /* Resources */ = {
			isa = PBXResourcesBuildPhase;
			buildActionMask = 2147483647;
			files = (
			);
			runOnlyForDeploymentPostprocessing = 0;
		};
/* End PBXResourcesBuildPhase section */

/* Begin PBXShellScriptBuildPhase section */
		66B10BBDC687FCAAF9F3B04C /* [CP] Copy Pods Resources */ = {
			isa = PBXShellScriptBuildPhase;
			buildActionMask = 2147483647;
			files = (
			);
			inputPaths = (
			);
			name = "[CP] Copy Pods Resources";
			outputPaths = (
			);
			runOnlyForDeploymentPostprocessing = 0;
			shellPath = /bin/sh;
			shellScript = "\"${SRCROOT}/Pods/Target Support Files/Pods-HazeRadar/Pods-HazeRadar-resources.sh\"\n";
			showEnvVarsInLog = 0;
		};
		A22DE91348217CD570DFF3C3 /* [CP] Check Pods Manifest.lock */ = {
			isa = PBXShellScriptBuildPhase;
			buildActionMask = 2147483647;
			files = (
			);
			inputPaths = (
			);
			name = "[CP] Check Pods Manifest.lock";
			outputPaths = (
			);
			runOnlyForDeploymentPostprocessing = 0;
			shellPath = /bin/sh;
			shellScript = "diff \"${PODS_ROOT}/../Podfile.lock\" \"${PODS_ROOT}/Manifest.lock\" > /dev/null\nif [ $? != 0 ] ; then\n    # print error to STDERR\n    echo \"error: The sandbox is not in sync with the Podfile.lock. Run 'pod install' or update your CocoaPods installation.\" >&2\n    exit 1\nfi\n";
			showEnvVarsInLog = 0;
		};
		FFD8D066B4D85AC5A5F5393E /* [CP] Embed Pods Frameworks */ = {
			isa = PBXShellScriptBuildPhase;
			buildActionMask = 2147483647;
			files = (
			);
			inputPaths = (
			);
			name = "[CP] Embed Pods Frameworks";
			outputPaths = (
			);
			runOnlyForDeploymentPostprocessing = 0;
			shellPath = /bin/sh;
			shellScript = "\"${SRCROOT}/Pods/Target Support Files/Pods-HazeRadar/Pods-HazeRadar-frameworks.sh\"\n";
			showEnvVarsInLog = 0;
		};
/* End PBXShellScriptBuildPhase section */

/* Begin PBXSourcesBuildPhase section */
		451ED2D61EED0C9800F20D58 /* Sources */ = {
			isa = PBXSourcesBuildPhase;
			buildActionMask = 2147483647;
			files = (
				451ED2E01EED0C9800F20D58 /* PSIViewController.swift in Sources */,
				451ED3171EED10A400F20D58 /* PSI.swift in Sources */,
				451ED31B1EED179F00F20D58 /* PSIRegion.swift in Sources */,
				451ED3191EED178F00F20D58 /* PSIData.swift in Sources */,
				451ED2DE1EED0C9800F20D58 /* AppDelegate.swift in Sources */,
			);
			runOnlyForDeploymentPostprocessing = 0;
		};
		451ED2EA1EED0C9800F20D58 /* Sources */ = {
			isa = PBXSourcesBuildPhase;
			buildActionMask = 2147483647;
			files = (
				451ED3211EED1C1D00F20D58 /* PSIBindingTest.swift in Sources */,
			);
			runOnlyForDeploymentPostprocessing = 0;
		};
/* End PBXSourcesBuildPhase section */

/* Begin PBXTargetDependency section */
		451ED2F01EED0C9800F20D58 /* PBXTargetDependency */ = {
			isa = PBXTargetDependency;
			target = 451ED2D91EED0C9800F20D58 /* HazeRadar */;
			targetProxy = 451ED2EF1EED0C9800F20D58 /* PBXContainerItemProxy */;
		};
/* End PBXTargetDependency section */

/* Begin PBXVariantGroup section */
		451ED2E11EED0C9800F20D58 /* Main.storyboard */ = {
			isa = PBXVariantGroup;
			children = (
				451ED2E21EED0C9800F20D58 /* Base */,
			);
			name = Main.storyboard;
			sourceTree = "<group>";
		};
		451ED2E61EED0C9800F20D58 /* LaunchScreen.storyboard */ = {
			isa = PBXVariantGroup;
			children = (
				451ED2E71EED0C9800F20D58 /* Base */,
			);
			name = LaunchScreen.storyboard;
			sourceTree = "<group>";
		};
/* End PBXVariantGroup section */

/* Begin XCBuildConfiguration section */
		451ED3001EED0C9800F20D58 /* Debug */ = {
			isa = XCBuildConfiguration;
			buildSettings = {
				ALWAYS_SEARCH_USER_PATHS = NO;
				CLANG_ANALYZER_NONNULL = YES;
				CLANG_CXX_LANGUAGE_STANDARD = "gnu++0x";
				CLANG_CXX_LIBRARY = "libc++";
				CLANG_ENABLE_MODULES = YES;
				CLANG_ENABLE_OBJC_ARC = YES;
				CLANG_WARN_BOOL_CONVERSION = YES;
				CLANG_WARN_CONSTANT_CONVERSION = YES;
				CLANG_WARN_DIRECT_OBJC_ISA_USAGE = YES_ERROR;
				CLANG_WARN_DOCUMENTATION_COMMENTS = YES;
				CLANG_WARN_EMPTY_BODY = YES;
				CLANG_WARN_ENUM_CONVERSION = YES;
				CLANG_WARN_INFINITE_RECURSION = YES;
				CLANG_WARN_INT_CONVERSION = YES;
				CLANG_WARN_OBJC_ROOT_CLASS = YES_ERROR;
				CLANG_WARN_SUSPICIOUS_MOVE = YES;
				CLANG_WARN_UNREACHABLE_CODE = YES;
				CLANG_WARN__DUPLICATE_METHOD_MATCH = YES;
				"CODE_SIGN_IDENTITY[sdk=iphoneos*]" = "iPhone Developer";
				COPY_PHASE_STRIP = NO;
				DEBUG_INFORMATION_FORMAT = dwarf;
				ENABLE_STRICT_OBJC_MSGSEND = YES;
				ENABLE_TESTABILITY = YES;
				GCC_C_LANGUAGE_STANDARD = gnu99;
				GCC_DYNAMIC_NO_PIC = NO;
				GCC_NO_COMMON_BLOCKS = YES;
				GCC_OPTIMIZATION_LEVEL = 0;
				GCC_PREPROCESSOR_DEFINITIONS = (
					"DEBUG=1",
					"$(inherited)",
				);
				GCC_WARN_64_TO_32_BIT_CONVERSION = YES;
				GCC_WARN_ABOUT_RETURN_TYPE = YES_ERROR;
				GCC_WARN_UNDECLARED_SELECTOR = YES;
				GCC_WARN_UNINITIALIZED_AUTOS = YES_AGGRESSIVE;
				GCC_WARN_UNUSED_FUNCTION = YES;
				GCC_WARN_UNUSED_VARIABLE = YES;
				IPHONEOS_DEPLOYMENT_TARGET = 10.2;
				MTL_ENABLE_DEBUG_INFO = YES;
				ONLY_ACTIVE_ARCH = YES;
				SDKROOT = iphoneos;
				SWIFT_ACTIVE_COMPILATION_CONDITIONS = DEBUG;
				SWIFT_OPTIMIZATION_LEVEL = "-Onone";
				TARGETED_DEVICE_FAMILY = "1,2";
			};
			name = Debug;
		};
		451ED3011EED0C9800F20D58 /* Release */ = {
			isa = XCBuildConfiguration;
			buildSettings = {
				ALWAYS_SEARCH_USER_PATHS = NO;
				CLANG_ANALYZER_NONNULL = YES;
				CLANG_CXX_LANGUAGE_STANDARD = "gnu++0x";
				CLANG_CXX_LIBRARY = "libc++";
				CLANG_ENABLE_MODULES = YES;
				CLANG_ENABLE_OBJC_ARC = YES;
				CLANG_WARN_BOOL_CONVERSION = YES;
				CLANG_WARN_CONSTANT_CONVERSION = YES;
				CLANG_WARN_DIRECT_OBJC_ISA_USAGE = YES_ERROR;
				CLANG_WARN_DOCUMENTATION_COMMENTS = YES;
				CLANG_WARN_EMPTY_BODY = YES;
				CLANG_WARN_ENUM_CONVERSION = YES;
				CLANG_WARN_INFINITE_RECURSION = YES;
				CLANG_WARN_INT_CONVERSION = YES;
				CLANG_WARN_OBJC_ROOT_CLASS = YES_ERROR;
				CLANG_WARN_SUSPICIOUS_MOVE = YES;
				CLANG_WARN_UNREACHABLE_CODE = YES;
				CLANG_WARN__DUPLICATE_METHOD_MATCH = YES;
				"CODE_SIGN_IDENTITY[sdk=iphoneos*]" = "iPhone Developer";
				COPY_PHASE_STRIP = NO;
				DEBUG_INFORMATION_FORMAT = "dwarf-with-dsym";
				ENABLE_NS_ASSERTIONS = NO;
				ENABLE_STRICT_OBJC_MSGSEND = YES;
				GCC_C_LANGUAGE_STANDARD = gnu99;
				GCC_NO_COMMON_BLOCKS = YES;
				GCC_WARN_64_TO_32_BIT_CONVERSION = YES;
				GCC_WARN_ABOUT_RETURN_TYPE = YES_ERROR;
				GCC_WARN_UNDECLARED_SELECTOR = YES;
				GCC_WARN_UNINITIALIZED_AUTOS = YES_AGGRESSIVE;
				GCC_WARN_UNUSED_FUNCTION = YES;
				GCC_WARN_UNUSED_VARIABLE = YES;
				IPHONEOS_DEPLOYMENT_TARGET = 10.2;
				MTL_ENABLE_DEBUG_INFO = NO;
				SDKROOT = iphoneos;
				SWIFT_OPTIMIZATION_LEVEL = "-Owholemodule";
				TARGETED_DEVICE_FAMILY = "1,2";
				VALIDATE_PRODUCT = YES;
			};
			name = Release;
		};
		451ED3031EED0C9800F20D58 /* Debug */ = {
			isa = XCBuildConfiguration;
			baseConfigurationReference = 750B076C7AD70045E4631DF1 /* Pods-HazeRadar.debug.xcconfig */;
			buildSettings = {
				ASSETCATALOG_COMPILER_APPICON_NAME = AppIcon;
				DEVELOPMENT_TEAM = B4S39U7L6D;
				INFOPLIST_FILE = HazeRadar/Info.plist;
				LD_RUNPATH_SEARCH_PATHS = "$(inherited) @executable_path/Frameworks";
				PRODUCT_BUNDLE_IDENTIFIER = com.bytters.HazeRadar;
				PRODUCT_NAME = "$(TARGET_NAME)";
				SWIFT_VERSION = 3.0;
			};
			name = Debug;
		};
		451ED3041EED0C9800F20D58 /* Release */ = {
			isa = XCBuildConfiguration;
			baseConfigurationReference = C79B90153F6B5B5A53FEF67B /* Pods-HazeRadar.release.xcconfig */;
			buildSettings = {
				ASSETCATALOG_COMPILER_APPICON_NAME = AppIcon;
				DEVELOPMENT_TEAM = B4S39U7L6D;
				INFOPLIST_FILE = HazeRadar/Info.plist;
				LD_RUNPATH_SEARCH_PATHS = "$(inherited) @executable_path/Frameworks";
				PRODUCT_BUNDLE_IDENTIFIER = com.bytters.HazeRadar;
				PRODUCT_NAME = "$(TARGET_NAME)";
				SWIFT_VERSION = 3.0;
			};
			name = Release;
		};
		451ED3061EED0C9800F20D58 /* Debug */ = {
			isa = XCBuildConfiguration;
			buildSettings = {
				ALWAYS_EMBED_SWIFT_STANDARD_LIBRARIES = YES;
				BUNDLE_LOADER = "$(TEST_HOST)";
				DEVELOPMENT_TEAM = B4S39U7L6D;
				INFOPLIST_FILE = HazeRadarTests/Info.plist;
				LD_RUNPATH_SEARCH_PATHS = "$(inherited) @executable_path/Frameworks @loader_path/Frameworks";
				PRODUCT_BUNDLE_IDENTIFIER = com.bytters.HazeRadarTests;
				PRODUCT_NAME = "$(TARGET_NAME)";
				SWIFT_VERSION = 3.0;
				TEST_HOST = "$(BUILT_PRODUCTS_DIR)/HazeRadar.app/HazeRadar";
			};
			name = Debug;
		};
		451ED3071EED0C9800F20D58 /* Release */ = {
			isa = XCBuildConfiguration;
			buildSettings = {
				ALWAYS_EMBED_SWIFT_STANDARD_LIBRARIES = YES;
				BUNDLE_LOADER = "$(TEST_HOST)";
				DEVELOPMENT_TEAM = B4S39U7L6D;
				INFOPLIST_FILE = HazeRadarTests/Info.plist;
				LD_RUNPATH_SEARCH_PATHS = "$(inherited) @executable_path/Frameworks @loader_path/Frameworks";
				PRODUCT_BUNDLE_IDENTIFIER = com.bytters.HazeRadarTests;
				PRODUCT_NAME = "$(TARGET_NAME)";
				SWIFT_VERSION = 3.0;
				TEST_HOST = "$(BUILT_PRODUCTS_DIR)/HazeRadar.app/HazeRadar";
			};
			name = Release;
		};
/* End XCBuildConfiguration section */

/* Begin XCConfigurationList section */
		451ED2D51EED0C9700F20D58 /* Build configuration list for PBXProject "HazeRadar" */ = {
			isa = XCConfigurationList;
			buildConfigurations = (
				451ED3001EED0C9800F20D58 /* Debug */,
				451ED3011EED0C9800F20D58 /* Release */,
			);
			defaultConfigurationIsVisible = 0;
			defaultConfigurationName = Release;
		};
		451ED3021EED0C9800F20D58 /* Build configuration list for PBXNativeTarget "HazeRadar" */ = {
			isa = XCConfigurationList;
			buildConfigurations = (
				451ED3031EED0C9800F20D58 /* Debug */,
				451ED3041EED0C9800F20D58 /* Release */,
			);
			defaultConfigurationIsVisible = 0;
			defaultConfigurationName = Release;
		};
		451ED3051EED0C9800F20D58 /* Build configuration list for PBXNativeTarget "HazeRadarTests" */ = {
			isa = XCConfigurationList;
			buildConfigurations = (
				451ED3061EED0C9800F20D58 /* Debug */,
				451ED3071EED0C9800F20D58 /* Release */,
			);
			defaultConfigurationIsVisible = 0;
			defaultConfigurationName = Release;
		};
/* End XCConfigurationList section */
	};
	rootObject = 451ED2D21EED0C9700F20D58 /* Project object */;
}
